<Solution>
  <Folder Name="/Connector/" />
  <Folder Name="/Connector/Flattiverse.Connector/">
    <Project Path="Connector/Flattiverse.Connector/Flattiverse.Connector/Flattiverse.Connector.csproj" />
  </Folder>
  <Folder Name="/Gateway/">
    <Project Path="Gateway/Flattiverse.Gateway/Flattiverse.Gateway.csproj" />
    <Project Path="Gateway/Flattiverse.Gateway.Host/Flattiverse.Gateway.Host.csproj" />
  </Folder>
</Solution>
